
Microsoft Visual Studio Solution File, Format Version 12.00
# Visual Studio 2015
Project("{FAE04EC0-301F-11D3-BF4B-00C04F79EFBC}") = "NEW VR Project.CSharp.Plugins", "NEW VR Project.CSharp.Plugins.csproj", "{7A686678-2462-B672-47DE-8CD9C6EBA83C}"
EndProject
Project("{FAE04EC0-301F-11D3-BF4B-00C04F79EFBC}") = "NEW VR Project.CSharp", "NEW VR Project.CSharp.csproj", "{EA07909C-1933-B9A0-A0A3-590F71C48308}"
EndProject
Project("{FAE04EC0-301F-11D3-BF4B-00C04F79EFBC}") = "NEW VR Project.CSharp.Editor", "NEW VR Project.CSharp.Editor.csproj", "{6F47D733-BC1B-D7CD-660E-924BD52D7794}"
EndProject
Global
	GlobalSection(SolutionConfigurationPlatforms) = preSolution
		Debug|Any CPU = Debug|Any CPU
		Release|Any CPU = Release|Any CPU
	EndGlobalSection
	GlobalSection(ProjectConfigurationPlatforms) = postSolution
		{7A686678-2462-B672-47DE-8CD9C6EBA83C}.Debug|Any CPU.ActiveCfg = Debug|Any CPU
		{7A686678-2462-B672-47DE-8CD9C6EBA83C}.Debug|Any CPU.Build.0 = Debug|Any CPU
		{7A686678-2462-B672-47DE-8CD9C6EBA83C}.Release|Any CPU.ActiveCfg = Release|Any CPU
		{7A686678-2462-B672-47DE-8CD9C6EBA83C}.Release|Any CPU.Build.0 = Release|Any CPU
		{EA07909C-1933-B9A0-A0A3-590F71C48308}.Debug|Any CPU.ActiveCfg = Debug|Any CPU
		{EA07909C-1933-B9A0-A0A3-590F71C48308}.Debug|Any CPU.Build.0 = Debug|Any CPU
		{EA07909C-1933-B9A0-A0A3-590F71C48308}.Release|Any CPU.ActiveCfg = Release|Any CPU
		{EA07909C-1933-B9A0-A0A3-590F71C48308}.Release|Any CPU.Build.0 = Release|Any CPU
		{6F47D733-BC1B-D7CD-660E-924BD52D7794}.Debug|Any CPU.ActiveCfg = Debug|Any CPU
		{6F47D733-BC1B-D7CD-660E-924BD52D7794}.Debug|Any CPU.Build.0 = Debug|Any CPU
		{6F47D733-BC1B-D7CD-660E-924BD52D7794}.Release|Any CPU.ActiveCfg = Release|Any CPU
		{6F47D733-BC1B-D7CD-660E-924BD52D7794}.Release|Any CPU.Build.0 = Release|Any CPU
	EndGlobalSection
	GlobalSection(SolutionProperties) = preSolution
		HideSolutionNode = FALSE
	EndGlobalSection
EndGlobal
